
Microsoft Visual Studio Solution File, Format Version 12.00
# Visual Studio 15
VisualStudioVersion = 15.0.28307.1340
MinimumVisualStudioVersion = 10.0.40219.1
Project("{FAE04EC0-301F-11D3-BF4B-00C04F79EFBC}") = "countdown", "countdown.csproj", "{82866EB1-B765-4991-BC9A-0C0BC01DD9F3}"
EndProject
Global
	GlobalSection(SolutionConfigurationPlatforms) = preSolution
		Debug|Any CPU = Debug|Any CPU
		Release|Any CPU = Release|Any CPU
	EndGlobalSection
	GlobalSection(ProjectConfigurationPlatforms) = postSolution
		{82866EB1-B765-4991-BC9A-0C0BC01DD9F3}.Debug|Any CPU.ActiveCfg = Debug|Any CPU
		{82866EB1-B765-4991-BC9A-0C0BC01DD9F3}.Debug|Any CPU.Build.0 = Debug|Any CPU
		{82866EB1-B765-4991-BC9A-0C0BC01DD9F3}.Release|Any CPU.ActiveCfg = Release|Any CPU
		{82866EB1-B765-4991-BC9A-0C0BC01DD9F3}.Release|Any CPU.Build.0 = Release|Any CPU
	EndGlobalSection
	GlobalSection(SolutionProperties) = preSolution
		HideSolutionNode = FALSE
	EndGlobalSection
	GlobalSection(ExtensibilityGlobals) = postSolution
		SolutionGuid = {8B08A84D-63B8-495F-BBC0-7148A2F47D82}
	EndGlobalSection
EndGlobal
